
Microsoft Visual Studio Solution File, Format Version 12.00
# Visual Studio Version 17
Project("{FAE04EC0-301F-11D3-BF4B-00C04F79EFBC}") = "Mapwright", "src\Mapwright\Mapwright.csproj", "{A1000000-0000-0000-0000-000000000001}"
EndProject
Project("{FAE04EC0-301F-11D3-BF4B-00C04F79EFBC}") = "Mapwright.Generator", "src\Mapwright.Generator\Mapwright.Generator.csproj", "{A1000000-0000-0000-0000-000000000002}"
EndProject
Project("{FAE04EC0-301F-11D3-BF4B-00C04F79EFBC}") = "Mapwright.Tests", "tests\Mapwright.Tests\Mapwright.Tests.csproj", "{A1000000-0000-0000-0000-000000000003}"
EndProject
Project("{2150E333-8FDC-42A3-9474-1A3956D46DE8}") = "samples", "samples", "{5D20AA90-6969-D8BD-9DCD-8634F4692FDA}"
EndProject
Project("{FAE04EC0-301F-11D3-BF4B-00C04F79EFBC}") = "CatalogApi.Sample", "samples\CatalogApi.Sample\CatalogApi.Sample.csproj", "{3D173966-75C5-4F37-A332-D7B372C41415}"
EndProject
Project("{2150E333-8FDC-42A3-9474-1A3956D46DE8}") = "src", "src", "{827E0CD3-B72D-47B6-A68D-7590B98EB39B}"
EndProject
Global
	GlobalSection(SolutionConfigurationPlatforms) = preSolution
		Debug|Any CPU = Debug|Any CPU
		Debug|x64 = Debug|x64
		Debug|x86 = Debug|x86
		Release|Any CPU = Release|Any CPU
		Release|x64 = Release|x64
		Release|x86 = Release|x86
	EndGlobalSection
	GlobalSection(ProjectConfigurationPlatforms) = postSolution
		{A1000000-0000-0000-0000-000000000001}.Debug|Any CPU.ActiveCfg = Debug|Any CPU
		{A1000000-0000-0000-0000-000000000001}.Debug|Any CPU.Build.0 = Debug|Any CPU
		{A1000000-0000-0000-0000-000000000001}.Debug|x64.ActiveCfg = Debug|Any CPU
		{A1000000-0000-0000-0000-000000000001}.Debug|x64.Build.0 = Debug|Any CPU
		{A1000000-0000-0000-0000-000000000001}.Debug|x86.ActiveCfg = Debug|Any CPU
		{A1000000-0000-0000-0000-000000000001}.Debug|x86.Build.0 = Debug|Any CPU
		{A1000000-0000-0000-0000-000000000001}.Release|Any CPU.ActiveCfg = Release|Any CPU
		{A1000000-0000-0000-0000-000000000001}.Release|Any CPU.Build.0 = Release|Any CPU
		{A1000000-0000-0000-0000-000000000001}.Release|x64.ActiveCfg = Release|Any CPU
		{A1000000-0000-0000-0000-000000000001}.Release|x64.Build.0 = Release|Any CPU
		{A1000000-0000-0000-0000-000000000001}.Release|x86.ActiveCfg = Release|Any CPU
		{A1000000-0000-0000-0000-000000000001}.Release|x86.Build.0 = Release|Any CPU
		{A1000000-0000-0000-0000-000000000002}.Debug|Any CPU.ActiveCfg = Debug|Any CPU
		{A1000000-0000-0000-0000-000000000002}.Debug|Any CPU.Build.0 = Debug|Any CPU
		{A1000000-0000-0000-0000-000000000002}.Debug|x64.ActiveCfg = Debug|Any CPU
		{A1000000-0000-0000-0000-000000000002}.Debug|x64.Build.0 = Debug|Any CPU
		{A1000000-0000-0000-0000-000000000002}.Debug|x86.ActiveCfg = Debug|Any CPU
		{A1000000-0000-0000-0000-000000000002}.Debug|x86.Build.0 = Debug|Any CPU
		{A1000000-0000-0000-0000-000000000002}.Release|Any CPU.ActiveCfg = Release|Any CPU
		{A1000000-0000-0000-0000-000000000002}.Release|Any CPU.Build.0 = Release|Any CPU
		{A1000000-0000-0000-0000-000000000002}.Release|x64.ActiveCfg = Release|Any CPU
		{A1000000-0000-0000-0000-000000000002}.Release|x64.Build.0 = Release|Any CPU
		{A1000000-0000-0000-0000-000000000002}.Release|x86.ActiveCfg = Release|Any CPU
		{A1000000-0000-0000-0000-000000000002}.Release|x86.Build.0 = Release|Any CPU
		{A1000000-0000-0000-0000-000000000003}.Debug|Any CPU.ActiveCfg = Debug|Any CPU
		{A1000000-0000-0000-0000-000000000003}.Debug|Any CPU.Build.0 = Debug|Any CPU
		{A1000000-0000-0000-0000-000000000003}.Debug|x64.ActiveCfg = Debug|Any CPU
		{A1000000-0000-0000-0000-000000000003}.Debug|x64.Build.0 = Debug|Any CPU
		{A1000000-0000-0000-0000-000000000003}.Debug|x86.ActiveCfg = Debug|Any CPU
		{A1000000-0000-0000-0000-000000000003}.Debug|x86.Build.0 = Debug|Any CPU
		{A1000000-0000-0000-0000-000000000003}.Release|Any CPU.ActiveCfg = Release|Any CPU
		{A1000000-0000-0000-0000-000000000003}.Release|Any CPU.Build.0 = Release|Any CPU
		{A1000000-0000-0000-0000-000000000003}.Release|x64.ActiveCfg = Release|Any CPU
		{A1000000-0000-0000-0000-000000000003}.Release|x64.Build.0 = Release|Any CPU
		{A1000000-0000-0000-0000-000000000003}.Release|x86.ActiveCfg = Release|Any CPU
		{A1000000-0000-0000-0000-000000000003}.Release|x86.Build.0 = Release|Any CPU
		{3D173966-75C5-4F37-A332-D7B372C41415}.Debug|Any CPU.ActiveCfg = Debug|Any CPU
		{3D173966-75C5-4F37-A332-D7B372C41415}.Debug|Any CPU.Build.0 = Debug|Any CPU
		{3D173966-75C5-4F37-A332-D7B372C41415}.Debug|x64.ActiveCfg = Debug|Any CPU
		{3D173966-75C5-4F37-A332-D7B372C41415}.Debug|x64.Build.0 = Debug|Any CPU
		{3D173966-75C5-4F37-A332-D7B372C41415}.Debug|x86.ActiveCfg = Debug|Any CPU
		{3D173966-75C5-4F37-A332-D7B372C41415}.Debug|x86.Build.0 = Debug|Any CPU
		{3D173966-75C5-4F37-A332-D7B372C41415}.Release|Any CPU.ActiveCfg = Release|Any CPU
		{3D173966-75C5-4F37-A332-D7B372C41415}.Release|Any CPU.Build.0 = Release|Any CPU
		{3D173966-75C5-4F37-A332-D7B372C41415}.Release|x64.ActiveCfg = Release|Any CPU
		{3D173966-75C5-4F37-A332-D7B372C41415}.Release|x64.Build.0 = Release|Any CPU
		{3D173966-75C5-4F37-A332-D7B372C41415}.Release|x86.ActiveCfg = Release|Any CPU
		{3D173966-75C5-4F37-A332-D7B372C41415}.Release|x86.Build.0 = Release|Any CPU
	EndGlobalSection
	GlobalSection(SolutionProperties) = preSolution
		HideSolutionNode = FALSE
	EndGlobalSection
	GlobalSection(NestedProjects) = preSolution
		{3D173966-75C5-4F37-A332-D7B372C41415} = {5D20AA90-6969-D8BD-9DCD-8634F4692FDA}
	EndGlobalSection
EndGlobal
